
Microsoft Visual Studio Solution File, Format Version 12.00
# Visual Studio 14
VisualStudioVersion = 14.0.22823.1
MinimumVisualStudioVersion = 10.0.40219.1
Project("{FAE04EC0-301F-11D3-BF4B-00C04F79EFBC}") = "ChatClient", "ChatClient\ChatClient.csproj", "{CE7292D8-2B72-474B-81D0-877C2CABCCB2}"
EndProject
Project("{FAE04EC0-301F-11D3-BF4B-00C04F79EFBC}") = "ChatServer", "ChatServer\ChatServer.csproj", "{657D1A79-D150-4E6D-A433-96407CBB5835}"
EndProject
Project("{FAE04EC0-301F-11D3-BF4B-00C04F79EFBC}") = "ChatDatabase", "ChatDatabase\ChatDatabase.csproj", "{C35E7B65-AAD6-43E9-B60E-2F26109F099C}"
EndProject
Global
	GlobalSection(SolutionConfigurationPlatforms) = preSolution
		Debug|Any CPU = Debug|Any CPU
		Release|Any CPU = Release|Any CPU
	EndGlobalSection
	GlobalSection(ProjectConfigurationPlatforms) = postSolution
		{CE7292D8-2B72-474B-81D0-877C2CABCCB2}.Debug|Any CPU.ActiveCfg = Debug|Any CPU
		{CE7292D8-2B72-474B-81D0-877C2CABCCB2}.Debug|Any CPU.Build.0 = Debug|Any CPU
		{CE7292D8-2B72-474B-81D0-877C2CABCCB2}.Release|Any CPU.ActiveCfg = Release|Any CPU
		{CE7292D8-2B72-474B-81D0-877C2CABCCB2}.Release|Any CPU.Build.0 = Release|Any CPU
		{657D1A79-D150-4E6D-A433-96407CBB5835}.Debug|Any CPU.ActiveCfg = Debug|Any CPU
		{657D1A79-D150-4E6D-A433-96407CBB5835}.Debug|Any CPU.Build.0 = Debug|Any CPU
		{657D1A79-D150-4E6D-A433-96407CBB5835}.Release|Any CPU.ActiveCfg = Release|Any CPU
		{657D1A79-D150-4E6D-A433-96407CBB5835}.Release|Any CPU.Build.0 = Release|Any CPU
		{C35E7B65-AAD6-43E9-B60E-2F26109F099C}.Debug|Any CPU.ActiveCfg = Debug|Any CPU
		{C35E7B65-AAD6-43E9-B60E-2F26109F099C}.Debug|Any CPU.Build.0 = Debug|Any CPU
		{C35E7B65-AAD6-43E9-B60E-2F26109F099C}.Release|Any CPU.ActiveCfg = Release|Any CPU
		{C35E7B65-AAD6-43E9-B60E-2F26109F099C}.Release|Any CPU.Build.0 = Release|Any CPU
	EndGlobalSection
	GlobalSection(SolutionProperties) = preSolution
		HideSolutionNode = FALSE
	EndGlobalSection
EndGlobal
